
Microsoft Visual Studio Solution File, Format Version 12.00
# Visual Studio 15
VisualStudioVersion = 15.0.33026.149
MinimumVisualStudioVersion = 10.0.40219.1
Project("{9A19103F-16F7-4668-BE54-9A1E7A4F7556}") = "Wapi2.SDK", "src\Wapi2.SDK\Wapi2.SDK.csproj", "{DF423655-876D-407D-B9A5-21A11524D7D5}"
EndProject
Global
	GlobalSection(SolutionConfigurationPlatforms) = preSolution
		Debug|Any CPU = Debug|Any CPU
		Release|Any CPU = Release|Any CPU
	EndGlobalSection
	GlobalSection(ProjectConfigurationPlatforms) = postSolution
		{DF423655-876D-407D-B9A5-21A11524D7D5}.Debug|Any CPU.ActiveCfg = Debug|Any CPU
		{DF423655-876D-407D-B9A5-21A11524D7D5}.Debug|Any CPU.Build.0 = Debug|Any CPU
		{DF423655-876D-407D-B9A5-21A11524D7D5}.Release|Any CPU.ActiveCfg = Release|Any CPU
		{DF423655-876D-407D-B9A5-21A11524D7D5}.Release|Any CPU.Build.0 = Release|Any CPU
	EndGlobalSection
	GlobalSection(SolutionProperties) = preSolution
		HideSolutionNode = FALSE
	EndGlobalSection
	GlobalSection(ExtensibilityGlobals) = postSolution
		SolutionGuid = {35319F9C-EA64-4988-81FC-8544E9038AE7}
	EndGlobalSection
EndGlobal
